// !$*UTF8*$!
{
	archiveVersion = 1;
	classes = {
	};
	objectVersion = 50;
	objects = {

/* Begin PBXBuildFile section */
		747EFAC47DC34502D76F70F5 /* Pods_CrytoTracker.framework in Frameworks */ = {isa = PBXBuildFile; fileRef = E5DF1A29A391E5D962935D07 /* Pods_CrytoTracker.framework */; };
		A71A91AC229C9F97005F2EBB /* CoinViewController.swift in Sources */ = {isa = PBXBuildFile; fileRef = A71A91AB229C9F97005F2EBB /* CoinViewController.swift */; };
		A71B6914229B4AE50011ABCD /* AppDelegate.swift in Sources */ = {isa = PBXBuildFile; fileRef = A71B6913229B4AE50011ABCD /* AppDelegate.swift */; };
		A71B691B229B4AE90011ABCD /* Assets.xcassets in Resources */ = {isa = PBXBuildFile; fileRef = A71B691A229B4AE90011ABCD /* Assets.xcassets */; };
		A71B691E229B4AE90011ABCD /* LaunchScreen.storyboard in Resources */ = {isa = PBXBuildFile; fileRef = A71B691C229B4AE90011ABCD /* LaunchScreen.storyboard */; };
		A71B6926229B4BA20011ABCD /* CryptoTableViewController.swift in Sources */ = {isa = PBXBuildFile; fileRef = A71B6925229B4BA20011ABCD /* CryptoTableViewController.swift */; };
		A71B6928229B4D920011ABCD /* CoinData.swift in Sources */ = {isa = PBXBuildFile; fileRef = A71B6927229B4D920011ABCD /* CoinData.swift */; };
/* End PBXBuildFile section */

/* Begin PBXFileReference section */
		4ABC75171C365A24E20CBE1A /* Pods-CrytoTracker.release.xcconfig */ = {isa = PBXFileReference; includeInIndex = 1; lastKnownFileType = text.xcconfig; name = "Pods-CrytoTracker.release.xcconfig"; path = "Target Support Files/Pods-CrytoTracker/Pods-CrytoTracker.release.xcconfig"; sourceTree = "<group>"; };
		747086488A0E39ADB6D0ED30 /* Pods-CrytoTracker.debug.xcconfig */ = {isa = PBXFileReference; includeInIndex = 1; lastKnownFileType = text.xcconfig; name = "Pods-CrytoTracker.debug.xcconfig"; path = "Target Support Files/Pods-CrytoTracker/Pods-CrytoTracker.debug.xcconfig"; sourceTree = "<group>"; };
		A71A91AB229C9F97005F2EBB /* CoinViewController.swift */ = {isa = PBXFileReference; lastKnownFileType = sourcecode.swift; path = CoinViewController.swift; sourceTree = "<group>"; };
		A71B6910229B4AE50011ABCD /* CrytoTracker.app */ = {isa = PBXFileReference; explicitFileType = wrapper.application; includeInIndex = 0; path = CrytoTracker.app; sourceTree = BUILT_PRODUCTS_DIR; };
		A71B6913229B4AE50011ABCD /* AppDelegate.swift */ = {isa = PBXFileReference; lastKnownFileType = sourcecode.swift; path = AppDelegate.swift; sourceTree = "<group>"; };
		A71B691A229B4AE90011ABCD /* Assets.xcassets */ = {isa = PBXFileReference; lastKnownFileType = folder.assetcatalog; path = Assets.xcassets; sourceTree = "<group>"; };
		A71B691D229B4AE90011ABCD /* Base */ = {isa = PBXFileReference; lastKnownFileType = file.storyboard; name = Base; path = Base.lproj/LaunchScreen.storyboard; sourceTree = "<group>"; };
		A71B691F229B4AE90011ABCD /* Info.plist */ = {isa = PBXFileReference; lastKnownFileType = text.plist.xml; path = Info.plist; sourceTree = "<group>"; };
		A71B6925229B4BA20011ABCD /* CryptoTableViewController.swift */ = {isa = PBXFileReference; lastKnownFileType = sourcecode.swift; path = CryptoTableViewController.swift; sourceTree = "<group>"; };
		A71B6927229B4D920011ABCD /* CoinData.swift */ = {isa = PBXFileReference; lastKnownFileType = sourcecode.swift; path = CoinData.swift; sourceTree = "<group>"; };
		E5DF1A29A391E5D962935D07 /* Pods_CrytoTracker.framework */ = {isa = PBXFileReference; explicitFileType = wrapper.framework; includeInIndex = 0; path = Pods_CrytoTracker.framework; sourceTree = BUILT_PRODUCTS_DIR; };
/* End PBXFileReference section */

/* Begin PBXFrameworksBuildPhase section */
		A71B690D229B4AE40011ABCD /* Frameworks */ = {
			isa = PBXFrameworksBuildPhase;
			buildActionMask = 2147483647;
			files = (
				747EFAC47DC34502D76F70F5 /* Pods_CrytoTracker.framework in Frameworks */,
			);
			runOnlyForDeploymentPostprocessing = 0;
		};
/* End PBXFrameworksBuildPhase section */

/* Begin PBXGroup section */
		04B6DD2E92BF24FBA23A1C07 /* Frameworks */ = {
			isa = PBXGroup;
			children = (
				E5DF1A29A391E5D962935D07 /* Pods_CrytoTracker.framework */,
			);
			name = Frameworks;
			sourceTree = "<group>";
		};
		A71B6907229B4AE40011ABCD = {
			isa = PBXGroup;
			children = (
				A71B6912229B4AE50011ABCD /* CrytoTracker */,
				A71B6911229B4AE50011ABCD /* Products */,
				EAF602D46ED8EAE7C0DB8F84 /* Pods */,
				04B6DD2E92BF24FBA23A1C07 /* Frameworks */,
			);
			sourceTree = "<group>";
		};
		A71B6911229B4AE50011ABCD /* Products */ = {
			isa = PBXGroup;
			children = (
				A71B6910229B4AE50011ABCD /* CrytoTracker.app */,
			);
			name = Products;
			sourceTree = "<group>";
		};
		A71B6912229B4AE50011ABCD /* CrytoTracker */ = {
			isa = PBXGroup;
			children = (
				A71B6913229B4AE50011ABCD /* AppDelegate.swift */,
				A71B6927229B4D920011ABCD /* CoinData.swift */,
				A71A91AB229C9F97005F2EBB /* CoinViewController.swift */,
				A71B6925229B4BA20011ABCD /* CryptoTableViewController.swift */,
				A71B691A229B4AE90011ABCD /* Assets.xcassets */,
				A71B691C229B4AE90011ABCD /* LaunchScreen.storyboard */,
				A71B691F229B4AE90011ABCD /* Info.plist */,
			);
			path = CrytoTracker;
			sourceTree = "<group>";
		};
		EAF602D46ED8EAE7C0DB8F84 /* Pods */ = {
			isa = PBXGroup;
			children = (
				747086488A0E39ADB6D0ED30 /* Pods-CrytoTracker.debug.xcconfig */,
				4ABC75171C365A24E20CBE1A /* Pods-CrytoTracker.release.xcconfig */,
			);
			path = Pods;
			sourceTree = "<group>";
		};
/* End PBXGroup section */

/* Begin PBXNativeTarget section */
		A71B690F229B4AE40011ABCD /* CrytoTracker */ = {
			isa = PBXNativeTarget;
			buildConfigurationList = A71B6922229B4AE90011ABCD /* Build configuration list for PBXNativeTarget "CrytoTracker" */;
			buildPhases = (
				C31816B73938FEC3DF2260B7 /* [CP] Check Pods Manifest.lock */,
				A71B690C229B4AE40011ABCD /* Sources */,
				A71B690D229B4AE40011ABCD /* Frameworks */,
				A71B690E229B4AE40011ABCD /* Resources */,
				869B457895C58C15E1429C27 /* [CP] Embed Pods Frameworks */,
			);
			buildRules = (
			);
			dependencies = (
			);
			name = CrytoTracker;
			productName = CrytoTracker;
			productReference = A71B6910229B4AE50011ABCD /* CrytoTracker.app */;
			productType = "com.apple.product-type.application";
		};
/* End PBXNativeTarget section */

/* Begin PBXProject section */
		A71B6908229B4AE40011ABCD /* Project object */ = {
			isa = PBXProject;
			attributes = {
				LastSwiftUpdateCheck = 1020;
				LastUpgradeCheck = 1020;
				ORGANIZATIONNAME = "Ricardo Hui";
				TargetAttributes = {
					A71B690F229B4AE40011ABCD = {
						CreatedOnToolsVersion = 10.2.1;
					};
				};
			};
			buildConfigurationList = A71B690B229B4AE40011ABCD /* Build configuration list for PBXProject "CrytoTracker" */;
			compatibilityVersion = "Xcode 9.3";
			developmentRegion = en;
			hasScannedForEncodings = 0;
			knownRegions = (
				en,
				Base,
			);
			mainGroup = A71B6907229B4AE40011ABCD;
			productRefGroup = A71B6911229B4AE50011ABCD /* Products */;
			projectDirPath = "";
			projectRoot = "";
			targets = (
				A71B690F229B4AE40011ABCD /* CrytoTracker */,
			);
		};
/* End PBXProject section */

/* Begin PBXResourcesBuildPhase section */
		A71B690E229B4AE40011ABCD /* Resources */ = {
			isa = PBXResourcesBuildPhase;
			buildActionMask = 2147483647;
			files = (
				A71B691E229B4AE90011ABCD /* LaunchScreen.storyboard in Resources */,
				A71B691B229B4AE90011ABCD /* Assets.xcassets in Resources */,
			);
			runOnlyForDeploymentPostprocessing = 0;
		};
/* End PBXResourcesBuildPhase section */

/* Begin PBXShellScriptBuildPhase section */
		869B457895C58C15E1429C27 /* [CP] Embed Pods Frameworks */ = {
			isa = PBXShellScriptBuildPhase;
			buildActionMask = 2147483647;
			files = (
			);
			inputFileListPaths = (
			);
			inputPaths = (
				"${PODS_ROOT}/Target Support Files/Pods-CrytoTracker/Pods-CrytoTracker-frameworks.sh",
				"${BUILT_PRODUCTS_DIR}/Alamofire/Alamofire.framework",
				"${BUILT_PRODUCTS_DIR}/SwiftChart/SwiftChart.framework",
			);
			name = "[CP] Embed Pods Frameworks";
			outputFileListPaths = (
			);
			outputPaths = (
				"${TARGET_BUILD_DIR}/${FRAMEWORKS_FOLDER_PATH}/Alamofire.framework",
				"${TARGET_BUILD_DIR}/${FRAMEWORKS_FOLDER_PATH}/SwiftChart.framework",
			);
			runOnlyForDeploymentPostprocessing = 0;
			shellPath = /bin/sh;
			shellScript = "\"${PODS_ROOT}/Target Support Files/Pods-CrytoTracker/Pods-CrytoTracker-frameworks.sh\"\n";
			showEnvVarsInLog = 0;
		};
		C31816B73938FEC3DF2260B7 /* [CP] Check Pods Manifest.lock */ = {
			isa = PBXShellScriptBuildPhase;
			buildActionMask = 2147483647;
			files = (
			);
			inputFileListPaths = (
			);
			inputPaths = (
				"${PODS_PODFILE_DIR_PATH}/Podfile.lock",
				"${PODS_ROOT}/Manifest.lock",
			);
			name = "[CP] Check Pods Manifest.lock";
			outputFileListPaths = (
			);
			outputPaths = (
				"$(DERIVED_FILE_DIR)/Pods-CrytoTracker-checkManifestLockResult.txt",
			);
			runOnlyForDeploymentPostprocessing = 0;
			shellPath = /bin/sh;
			shellScript = "diff \"${PODS_PODFILE_DIR_PATH}/Podfile.lock\" \"${PODS_ROOT}/Manifest.lock\" > /dev/null\nif [ $? != 0 ] ; then\n    # print error to STDERR\n    echo \"error: The sandbox is not in sync with the Podfile.lock. Run 'pod install' or update your CocoaPods installation.\" >&2\n    exit 1\nfi\n# This output is used by Xcode 'outputs' to avoid re-running this script phase.\necho \"SUCCESS\" > \"${SCRIPT_OUTPUT_FILE_0}\"\n";
			showEnvVarsInLog = 0;
		};
/* End PBXShellScriptBuildPhase section */

/* Begin PBXSourcesBuildPhase section */
		A71B690C229B4AE40011ABCD /* Sources */ = {
			isa = PBXSourcesBuildPhase;
			buildActionMask = 2147483647;
			files = (
				A71B6928229B4D920011ABCD /* CoinData.swift in Sources */,
				A71B6926229B4BA20011ABCD /* CryptoTableViewController.swift in Sources */,
				A71B6914229B4AE50011ABCD /* AppDelegate.swift in Sources */,
				A71A91AC229C9F97005F2EBB /* CoinViewController.swift in Sources */,
			);
			runOnlyForDeploymentPostprocessing = 0;
		};
/* End PBXSourcesBuildPhase section */

/* Begin PBXVariantGroup section */
		A71B691C229B4AE90011ABCD /* LaunchScreen.storyboard */ = {
			isa = PBXVariantGroup;
			children = (
				A71B691D229B4AE90011ABCD /* Base */,
			);
			name = LaunchScreen.storyboard;
			sourceTree = "<group>";
		};
/* End PBXVariantGroup section */

/* Begin XCBuildConfiguration section */
		A71B6920229B4AE90011ABCD /* Debug */ = {
			isa = XCBuildConfiguration;
			buildSettings = {
				ALWAYS_SEARCH_USER_PATHS = NO;
				CLANG_ANALYZER_NONNULL = YES;
				CLANG_ANALYZER_NUMBER_OBJECT_CONVERSION = YES_AGGRESSIVE;
				CLANG_CXX_LANGUAGE_STANDARD = "gnu++14";
				CLANG_CXX_LIBRARY = "libc++";
				CLANG_ENABLE_MODULES = YES;
				CLANG_ENABLE_OBJC_ARC = YES;
				CLANG_ENABLE_OBJC_WEAK = YES;
				CLANG_WARN_BLOCK_CAPTURE_AUTORELEASING = YES;
				CLANG_WARN_BOOL_CONVERSION = YES;
				CLANG_WARN_COMMA = YES;
				CLANG_WARN_CONSTANT_CONVERSION = YES;
				CLANG_WARN_DEPRECATED_OBJC_IMPLEMENTATIONS = YES;
				CLANG_WARN_DIRECT_OBJC_ISA_USAGE = YES_ERROR;
				CLANG_WARN_DOCUMENTATION_COMMENTS = YES;
				CLANG_WARN_EMPTY_BODY = YES;
				CLANG_WARN_ENUM_CONVERSION = YES;
				CLANG_WARN_INFINITE_RECURSION = YES;
				CLANG_WARN_INT_CONVERSION = YES;
				CLANG_WARN_NON_LITERAL_NULL_CONVERSION = YES;
				CLANG_WARN_OBJC_IMPLICIT_RETAIN_SELF = YES;
				CLANG_WARN_OBJC_LITERAL_CONVERSION = YES;
				CLANG_WARN_OBJC_ROOT_CLASS = YES_ERROR;
				CLANG_WARN_RANGE_LOOP_ANALYSIS = YES;
				CLANG_WARN_STRICT_PROTOTYPES = YES;
				CLANG_WARN_SUSPICIOUS_MOVE = YES;
				CLANG_WARN_UNGUARDED_AVAILABILITY = YES_AGGRESSIVE;
				CLANG_WARN_UNREACHABLE_CODE = YES;
				CLANG_WARN__DUPLICATE_METHOD_MATCH = YES;
				CODE_SIGN_IDENTITY = "iPhone Developer";
				COPY_PHASE_STRIP = NO;
				DEBUG_INFORMATION_FORMAT = dwarf;
				ENABLE_STRICT_OBJC_MSGSEND = YES;
				ENABLE_TESTABILITY = YES;
				GCC_C_LANGUAGE_STANDARD = gnu11;
				GCC_DYNAMIC_NO_PIC = NO;
				GCC_NO_COMMON_BLOCKS = YES;
				GCC_OPTIMIZATION_LEVEL = 0;
				GCC_PREPROCESSOR_DEFINITIONS = (
					"DEBUG=1",
					"$(inherited)",
				);
				GCC_WARN_64_TO_32_BIT_CONVERSION = YES;
				GCC_WARN_ABOUT_RETURN_TYPE = YES_ERROR;
				GCC_WARN_UNDECLARED_SELECTOR = YES;
				GCC_WARN_UNINITIALIZED_AUTOS = YES_AGGRESSIVE;
				GCC_WARN_UNUSED_FUNCTION = YES;
				GCC_WARN_UNUSED_VARIABLE = YES;
				IPHONEOS_DEPLOYMENT_TARGET = 12.2;
				MTL_ENABLE_DEBUG_INFO = INCLUDE_SOURCE;
				MTL_FAST_MATH = YES;
				ONLY_ACTIVE_ARCH = YES;
				SDKROOT = iphoneos;
				SWIFT_ACTIVE_COMPILATION_CONDITIONS = DEBUG;
				SWIFT_OPTIMIZATION_LEVEL = "-Onone";
			};
			name = Debug;
		};
		A71B6921229B4AE90011ABCD /* Release */ = {
			isa = XCBuildConfiguration;
			buildSettings = {
				ALWAYS_SEARCH_USER_PATHS = NO;
				CLANG_ANALYZER_NONNULL = YES;
				CLANG_ANALYZER_NUMBER_OBJECT_CONVERSION = YES_AGGRESSIVE;
				CLANG_CXX_LANGUAGE_STANDARD = "gnu++14";
				CLANG_CXX_LIBRARY = "libc++";
				CLANG_ENABLE_MODULES = YES;
				CLANG_ENABLE_OBJC_ARC = YES;
				CLANG_ENABLE_OBJC_WEAK = YES;
				CLANG_WARN_BLOCK_CAPTURE_AUTORELEASING = YES;
				CLANG_WARN_BOOL_CONVERSION = YES;
				CLANG_WARN_COMMA = YES;
				CLANG_WARN_CONSTANT_CONVERSION = YES;
				CLANG_WARN_DEPRECATED_OBJC_IMPLEMENTATIONS = YES;
				CLANG_WARN_DIRECT_OBJC_ISA_USAGE = YES_ERROR;
				CLANG_WARN_DOCUMENTATION_COMMENTS = YES;
				CLANG_WARN_EMPTY_BODY = YES;
				CLANG_WARN_ENUM_CONVERSION = YES;
				CLANG_WARN_INFINITE_RECURSION = YES;
				CLANG_WARN_INT_CONVERSION = YES;
				CLANG_WARN_NON_LITERAL_NULL_CONVERSION = YES;
				CLANG_WARN_OBJC_IMPLICIT_RETAIN_SELF = YES;
				CLANG_WARN_OBJC_LITERAL_CONVERSION = YES;
				CLANG_WARN_OBJC_ROOT_CLASS = YES_ERROR;
				CLANG_WARN_RANGE_LOOP_ANALYSIS = YES;
				CLANG_WARN_STRICT_PROTOTYPES = YES;
				CLANG_WARN_SUSPICIOUS_MOVE = YES;
				CLANG_WARN_UNGUARDED_AVAILABILITY = YES_AGGRESSIVE;
				CLANG_WARN_UNREACHABLE_CODE = YES;
				CLANG_WARN__DUPLICATE_METHOD_MATCH = YES;
				CODE_SIGN_IDENTITY = "iPhone Developer";
				COPY_PHASE_STRIP = NO;
				DEBUG_INFORMATION_FORMAT = "dwarf-with-dsym";
				ENABLE_NS_ASSERTIONS = NO;
				ENABLE_STRICT_OBJC_MSGSEND = YES;
				GCC_C_LANGUAGE_STANDARD = gnu11;
				GCC_NO_COMMON_BLOCKS = YES;
				GCC_WARN_64_TO_32_BIT_CONVERSION = YES;
				GCC_WARN_ABOUT_RETURN_TYPE = YES_ERROR;
				GCC_WARN_UNDECLARED_SELECTOR = YES;
				GCC_WARN_UNINITIALIZED_AUTOS = YES_AGGRESSIVE;
				GCC_WARN_UNUSED_FUNCTION = YES;
				GCC_WARN_UNUSED_VARIABLE = YES;
				IPHONEOS_DEPLOYMENT_TARGET = 12.2;
				MTL_ENABLE_DEBUG_INFO = NO;
				MTL_FAST_MATH = YES;
				SDKROOT = iphoneos;
				SWIFT_COMPILATION_MODE = wholemodule;
				SWIFT_OPTIMIZATION_LEVEL = "-O";
				VALIDATE_PRODUCT = YES;
			};
			name = Release;
		};
		A71B6923229B4AE90011ABCD /* Debug */ = {
			isa = XCBuildConfiguration;
			baseConfigurationReference = 747086488A0E39ADB6D0ED30 /* Pods-CrytoTracker.debug.xcconfig */;
			buildSettings = {
				ASSETCATALOG_COMPILER_APPICON_NAME = AppIcon;
				CODE_SIGN_STYLE = Automatic;
				DEVELOPMENT_TEAM = L6682JJSD3;
				INFOPLIST_FILE = CrytoTracker/Info.plist;
				LD_RUNPATH_SEARCH_PATHS = (
					"$(inherited)",
					"@executable_path/Frameworks",
				);
				PRODUCT_BUNDLE_IDENTIFIER = com.ricardohui.CrytoTracker;
				PRODUCT_NAME = "$(TARGET_NAME)";
				SWIFT_VERSION = 5.0;
				TARGETED_DEVICE_FAMILY = "1,2";
			};
			name = Debug;
		};
		A71B6924229B4AE90011ABCD /* Release */ = {
			isa = XCBuildConfiguration;
			baseConfigurationReference = 4ABC75171C365A24E20CBE1A /* Pods-CrytoTracker.release.xcconfig */;
			buildSettings = {
				ASSETCATALOG_COMPILER_APPICON_NAME = AppIcon;
				CODE_SIGN_STYLE = Automatic;
				DEVELOPMENT_TEAM = L6682JJSD3;
				INFOPLIST_FILE = CrytoTracker/Info.plist;
				LD_RUNPATH_SEARCH_PATHS = (
					"$(inherited)",
					"@executable_path/Frameworks",
				);
				PRODUCT_BUNDLE_IDENTIFIER = com.ricardohui.CrytoTracker;
				PRODUCT_NAME = "$(TARGET_NAME)";
				SWIFT_VERSION = 5.0;
				TARGETED_DEVICE_FAMILY = "1,2";
			};
			name = Release;
		};
/* End XCBuildConfiguration section */

/* Begin XCConfigurationList section */
		A71B690B229B4AE40011ABCD /* Build configuration list for PBXProject "CrytoTracker" */ = {
			isa = XCConfigurationList;
			buildConfigurations = (
				A71B6920229B4AE90011ABCD /* Debug */,
				A71B6921229B4AE90011ABCD /* Release */,
			);
			defaultConfigurationIsVisible = 0;
			defaultConfigurationName = Release;
		};
		A71B6922229B4AE90011ABCD /* Build configuration list for PBXNativeTarget "CrytoTracker" */ = {
			isa = XCConfigurationList;
			buildConfigurations = (
				A71B6923229B4AE90011ABCD /* Debug */,
				A71B6924229B4AE90011ABCD /* Release */,
			);
			defaultConfigurationIsVisible = 0;
			defaultConfigurationName = Release;
		};
/* End XCConfigurationList section */
	};
	rootObject = A71B6908229B4AE40011ABCD /* Project object */;
}
